
Microsoft Visual Studio Solution File, Format Version 12.00
# Visual Studio Version 16
VisualStudioVersion = 16.0.30011.22
MinimumVisualStudioVersion = 10.0.40219.1
Project("{888888A0-9F3D-457C-B088-3A5042F75D52}") = "pseudotv", "pseudotv.pyproj", "{F8BFCBD0-F479-4065-86A4-ECF0EE646950}"
EndProject
Global
	GlobalSection(SolutionConfigurationPlatforms) = preSolution
		Debug|Any CPU = Debug|Any CPU
		Release|Any CPU = Release|Any CPU
	EndGlobalSection
	GlobalSection(ProjectConfigurationPlatforms) = postSolution
		{F8BFCBD0-F479-4065-86A4-ECF0EE646950}.Debug|Any CPU.ActiveCfg = Debug|Any CPU
		{F8BFCBD0-F479-4065-86A4-ECF0EE646950}.Release|Any CPU.ActiveCfg = Release|Any CPU
	EndGlobalSection
	GlobalSection(SolutionProperties) = preSolution
		HideSolutionNode = FALSE
	EndGlobalSection
	GlobalSection(ExtensibilityGlobals) = postSolution
		SolutionGuid = {36C8C82C-BAB8-407C-A63B-96146B2F0D81}
	EndGlobalSection
EndGlobal
